
Microsoft Visual Studio Solution File, Format Version 12.00
Project("{FAE04EC0-301F-11D3-BF4B-00C04F79EFBC}") = "Lab7", "Lab7\Lab7.csproj", "{BB24B911-EEFF-4A3D-A145-2DFF07D4745F}"
EndProject
Global
	GlobalSection(SolutionConfigurationPlatforms) = preSolution
		Debug|Any CPU = Debug|Any CPU
		Release|Any CPU = Release|Any CPU
	EndGlobalSection
	GlobalSection(ProjectConfigurationPlatforms) = postSolution
		{BB24B911-EEFF-4A3D-A145-2DFF07D4745F}.Debug|Any CPU.ActiveCfg = Debug|Any CPU
		{BB24B911-EEFF-4A3D-A145-2DFF07D4745F}.Debug|Any CPU.Build.0 = Debug|Any CPU
		{BB24B911-EEFF-4A3D-A145-2DFF07D4745F}.Release|Any CPU.ActiveCfg = Release|Any CPU
		{BB24B911-EEFF-4A3D-A145-2DFF07D4745F}.Release|Any CPU.Build.0 = Release|Any CPU
	EndGlobalSection
EndGlobal
